Microsoft Visual Studio Solution File, Format Version 12.00
# Visual Studio Version 17
VisualStudioVersion = 17.5.2.0
MinimumVisualStudioVersion = 10.0.40219.1
Project("{FAE04EC0-301F-11D3-BF4B-00C04F79EFBC}") = "RegisterFile", "RegisterFile\RegisterFile.csproj", "{77298ACC-4800-C2AE-EA74-C3560AA40A02}"
EndProject
Project("{FAE04EC0-301F-11D3-BF4B-00C04F79EFBC}") = "Memory", "Memory\Memory.csproj", "{4DA76712-FDE6-318E-A9E0-EF63518B8FEE}"
EndProject
Project("{FAE04EC0-301F-11D3-BF4B-00C04F79EFBC}") = "Decoder", "Decoder\Decoder.csproj", "{4EE4E0B4-689F-79F6-93D9-4D503FC3FAE7}"
EndProject
Project("{FAE04EC0-301F-11D3-BF4B-00C04F79EFBC}") = "ALU", "ALU\ALU.csproj", "{AB16397F-DBFE-EB77-FEB4-5C9D273518B1}"
EndProject
Global
	GlobalSection(SolutionConfigurationPlatforms) = preSolution
		Debug|Any CPU = Debug|Any CPU
		Release|Any CPU = Release|Any CPU
	EndGlobalSection
	GlobalSection(ProjectConfigurationPlatforms) = postSolution
		{77298ACC-4800-C2AE-EA74-C3560AA40A02}.Debug|Any CPU.ActiveCfg = Debug|Any CPU
		{77298ACC-4800-C2AE-EA74-C3560AA40A02}.Debug|Any CPU.Build.0 = Debug|Any CPU
		{77298ACC-4800-C2AE-EA74-C3560AA40A02}.Release|Any CPU.ActiveCfg = Release|Any CPU
		{77298ACC-4800-C2AE-EA74-C3560AA40A02}.Release|Any CPU.Build.0 = Release|Any CPU
		{4DA76712-FDE6-318E-A9E0-EF63518B8FEE}.Debug|Any CPU.ActiveCfg = Debug|Any CPU
		{4DA76712-FDE6-318E-A9E0-EF63518B8FEE}.Debug|Any CPU.Build.0 = Debug|Any CPU
		{4DA76712-FDE6-318E-A9E0-EF63518B8FEE}.Release|Any CPU.ActiveCfg = Release|Any CPU
		{4DA76712-FDE6-318E-A9E0-EF63518B8FEE}.Release|Any CPU.Build.0 = Release|Any CPU
		{4EE4E0B4-689F-79F6-93D9-4D503FC3FAE7}.Debug|Any CPU.ActiveCfg = Debug|Any CPU
		{4EE4E0B4-689F-79F6-93D9-4D503FC3FAE7}.Debug|Any CPU.Build.0 = Debug|Any CPU
		{4EE4E0B4-689F-79F6-93D9-4D503FC3FAE7}.Release|Any CPU.ActiveCfg = Release|Any CPU
		{4EE4E0B4-689F-79F6-93D9-4D503FC3FAE7}.Release|Any CPU.Build.0 = Release|Any CPU
		{AB16397F-DBFE-EB77-FEB4-5C9D273518B1}.Debug|Any CPU.ActiveCfg = Debug|Any CPU
		{AB16397F-DBFE-EB77-FEB4-5C9D273518B1}.Debug|Any CPU.Build.0 = Debug|Any CPU
		{AB16397F-DBFE-EB77-FEB4-5C9D273518B1}.Release|Any CPU.ActiveCfg = Release|Any CPU
		{AB16397F-DBFE-EB77-FEB4-5C9D273518B1}.Release|Any CPU.Build.0 = Release|Any CPU
	EndGlobalSection
	GlobalSection(SolutionProperties) = preSolution
		HideSolutionNode = FALSE
	EndGlobalSection
	GlobalSection(ExtensibilityGlobals) = postSolution
		SolutionGuid = {C93FF70B-66A6-4083-94D4-A5A962ABC35E}
	EndGlobalSection
EndGlobal
